github.com/adrg/libvlc-go/v3 v3.1.5 h1:TGO0dvubmLCSE4ocOtJYMBlPYALm8aGMkCuDZ6cXnM0=
github.com/adrg/libvlc-go/v3 v3.1.5/go.mod h1:xJK0YD8cyMDejnrTFQinStE6RYCV1nlfS8KmqTpszSc=
github.com/adrg/libvlc-go/v3 v3.1.6 h1:Cm22w6xNMDdzYCW8koHgAvjonYm4xbPP5TrlVTtMdl4=
github.com/adrg/libvlc-go/v3 v3.1.6/go.mod h1:xJK0YD8cyMDejnrTFQinStE6RYCV1nlfS8KmqTpszSc=
github.com/alfg/mp4 v0.0.0-20210728035756-55ea58c08aeb h1:v8z8Yym2Z/NCYgXO/aFqmYDYa/d3uRyVMq1DjgMfzn4=
github.com/alfg/mp4 v0.0.0-20210728035756-55ea58c08aeb/go.mod h1:RfuO8OqkqAcWXXkaS3MuymrBQJbKJWi04H/bs6vNvh0=
